
Microsoft Visual Studio Solution File, Format Version 12.00
# Visual Studio Version 17
VisualStudioVersion = 17.10.35122.118
MinimumVisualStudioVersion = 10.0.40219.1
Project("{9A19103F-16F7-4668-BE54-9A1E7A4F7556}") = "DockerSample01", "DockerSample01\DockerSample01.csproj", "{D332D4DD-4BC5-4D9B-A814-52ACE40C1F25}"
EndProject
Global
	GlobalSection(SolutionConfigurationPlatforms) = preSolution
		Debug|Any CPU = Debug|Any CPU
		Release|Any CPU = Release|Any CPU
	EndGlobalSection
	GlobalSection(ProjectConfigurationPlatforms) = postSolution
		{D332D4DD-4BC5-4D9B-A814-52ACE40C1F25}.Debug|Any CPU.ActiveCfg = Debug|Any CPU
		{D332D4DD-4BC5-4D9B-A814-52ACE40C1F25}.Debug|Any CPU.Build.0 = Debug|Any CPU
		{D332D4DD-4BC5-4D9B-A814-52ACE40C1F25}.Release|Any CPU.ActiveCfg = Release|Any CPU
		{D332D4DD-4BC5-4D9B-A814-52ACE40C1F25}.Release|Any CPU.Build.0 = Release|Any CPU
	EndGlobalSection
	GlobalSection(SolutionProperties) = preSolution
		HideSolutionNode = FALSE
	EndGlobalSection
	GlobalSection(ExtensibilityGlobals) = postSolution
		SolutionGuid = {5237981D-76C0-4073-8E00-A3B5A623DE1D}
	EndGlobalSection
EndGlobal
